
Microsoft Visual Studio Solution File, Format Version 12.00
# Visual Studio Version 17
VisualStudioVersion = 17.0.31903.59
MinimumVisualStudioVersion = 10.0.40219.1
Project("{2150E333-8FDC-42A3-9474-1A3956D46DE8}") = "src", "src", "{FEED2014-A199-4116-97F4-A56A3642CD28}"
EndProject
Project("{2150E333-8FDC-42A3-9474-1A3956D46DE8}") = "Backend", "Backend", "{AE4301B3-8E2B-45D1-90C9-966975CACA16}"
EndProject
Project("{FAE04EC0-301F-11D3-BF4B-00C04F79EFBC}") = "AuthCore.Api", "src\Backend\AuthCore\AuthCore.Api\AuthCore.Api.csproj", "{5DD89D14-7AE2-4AEF-8C94-FCE745CF799E}"
EndProject
Project("{FAE04EC0-301F-11D3-BF4B-00C04F79EFBC}") = "AuthCore.Application", "src\Backend\AuthCore\AuthCore.Application\AuthCore.Application.csproj", "{3627EB76-9E35-4E33-977A-13B73A017B6F}"
EndProject
Project("{FAE04EC0-301F-11D3-BF4B-00C04F79EFBC}") = "AuthCore.Domain", "src\Backend\AuthCore\AuthCore.Domain\AuthCore.Domain.csproj", "{7BA9790B-99C9-458A-B2C0-8EB849FBAE87}"
EndProject
Project("{FAE04EC0-301F-11D3-BF4B-00C04F79EFBC}") = "AuthCore.Infrastructure", "src\Backend\AuthCore\AuthCore.Infrastructure\AuthCore.Infrastructure.csproj", "{59F430C2-C637-4DF8-93BE-6167B9388E67}"
EndProject
Project("{2150E333-8FDC-42A3-9474-1A3956D46DE8}") = "tests", "tests", "{9FEBF715-67D9-45F2-8952-C2DFC8D9589A}"
EndProject
Project("{FAE04EC0-301F-11D3-BF4B-00C04F79EFBC}") = "AuthCore.Domain.UnitTests", "tests\AuthCore.Domain.UnitTests\AuthCore.Domain.UnitTests.csproj", "{DD91C842-76B0-479B-AEE9-4213F66825FA}"
EndProject
Project("{FAE04EC0-301F-11D3-BF4B-00C04F79EFBC}") = "AuthCore.IntegrationTests", "tests\AuthCore.IntegrationTests\AuthCore.IntegrationTests.csproj", "{2DC09808-586F-4105-A629-8C6960367145}"
EndProject
Project("{FAE04EC0-301F-11D3-BF4B-00C04F79EFBC}") = "AuthCore.Application.UnitTests", "tests\AuthCore.Application.UnitTests\AuthCore.Application.UnitTests.csproj", "{8C8DE722-7AD5-43A4-B33B-2362F003AFEE}"
EndProject
Project("{2150E333-8FDC-42A3-9474-1A3956D46DE8}") = "NotificationCore", "NotificationCore", "{30E1BFDC-05D2-4EE1-A313-F2D58EA639D3}"
EndProject
Project("{FAE04EC0-301F-11D3-BF4B-00C04F79EFBC}") = "NotificationCore.Api", "src\Backend\NotificationCore\NotificationCore.Api\NotificationCore.Api.csproj", "{031AC745-3977-4ECB-841B-650AA598D831}"
EndProject
Project("{FAE04EC0-301F-11D3-BF4B-00C04F79EFBC}") = "NotificationCore.Application", "src\Backend\NotificationCore\NotificationCore.Application\NotificationCore.Application.csproj", "{D873B4A7-4E09-4F35-A3B6-C6F1285825F8}"
EndProject
Project("{FAE04EC0-301F-11D3-BF4B-00C04F79EFBC}") = "NotificationCore.Domain", "src\Backend\NotificationCore\NotificationCore.Domain\NotificationCore.Domain.csproj", "{0D479BA1-30FE-4331-BC39-E0ADE5044B6B}"
EndProject
Project("{FAE04EC0-301F-11D3-BF4B-00C04F79EFBC}") = "NotificationCore.Infrastructure", "src\Backend\NotificationCore\NotificationCore.Infrastructure\NotificationCore.Infrastructure.csproj", "{20E8C782-96CF-4A1A-B87B-D721E7E18EF5}"
EndProject
Project("{2150E333-8FDC-42A3-9474-1A3956D46DE8}") = "Gateway", "Gateway", "{938108AE-2608-4DBB-A4A3-ADE40283E2CD}"
EndProject
Project("{FAE04EC0-301F-11D3-BF4B-00C04F79EFBC}") = "Gateway.Api", "src\Backend\Gateway\Gateway.Api\Gateway.Api.csproj", "{0E2A3403-D22A-4A1F-ADB0-8FD967A793BB}"
EndProject
Project("{2150E333-8FDC-42A3-9474-1A3956D46DE8}") = "BuildingBlocks", "BuildingBlocks", "{5CBA36E9-77A5-4EB6-A8F9-47A5FD60F1A4}"
EndProject
Project("{FAE04EC0-301F-11D3-BF4B-00C04F79EFBC}") = "BuildingBlocks.Messaging.Contracts", "src\BuildingBlocks\BuildingBlocks.Messaging.Contracts\BuildingBlocks.Messaging.Contracts.csproj", "{11211A1B-76A4-472B-9735-89585B841BF0}"
EndProject
Project("{FAE04EC0-301F-11D3-BF4B-00C04F79EFBC}") = "NotificationCore.Domain.UnitTests", "tests\NotificationCore.Domain.UnitTests\NotificationCore.Domain.UnitTests.csproj", "{A5E63D1F-512F-49DD-A41A-E73179314908}"
EndProject
Project("{FAE04EC0-301F-11D3-BF4B-00C04F79EFBC}") = "NotificationCore.Application.UnitTests", "tests\NotificationCore.Application.UnitTests\NotificationCore.Application.UnitTests.csproj", "{D0E9562C-ED18-4079-ACC2-F448E35FFC23}"
EndProject
Project("{FAE04EC0-301F-11D3-BF4B-00C04F79EFBC}") = "NotificationCore.IntegrationTests", "tests\NotificationCore.IntegrationTests\NotificationCore.IntegrationTests.csproj", "{1AE883F9-F26A-4ACD-B3D7-43CAE1239481}"
EndProject
Project("{FAE04EC0-301F-11D3-BF4B-00C04F79EFBC}") = "Gateway.IntegrationTests", "tests\Gateway.IntegrationTests\Gateway.IntegrationTests.csproj", "{87B90E46-2592-4EBD-B5B6-413052705B9B}"
EndProject
Global
	GlobalSection(SolutionConfigurationPlatforms) = preSolution
		Debug|Any CPU = Debug|Any CPU
		Release|Any CPU = Release|Any CPU
	EndGlobalSection
	GlobalSection(SolutionProperties) = preSolution
		HideSolutionNode = FALSE
	EndGlobalSection
	GlobalSection(ProjectConfigurationPlatforms) = postSolution
		{5DD89D14-7AE2-4AEF-8C94-FCE745CF799E}.Debug|Any CPU.ActiveCfg = Debug|Any CPU
		{5DD89D14-7AE2-4AEF-8C94-FCE745CF799E}.Debug|Any CPU.Build.0 = Debug|Any CPU
		{5DD89D14-7AE2-4AEF-8C94-FCE745CF799E}.Release|Any CPU.ActiveCfg = Release|Any CPU
		{5DD89D14-7AE2-4AEF-8C94-FCE745CF799E}.Release|Any CPU.Build.0 = Release|Any CPU
		{3627EB76-9E35-4E33-977A-13B73A017B6F}.Debug|Any CPU.ActiveCfg = Debug|Any CPU
		{3627EB76-9E35-4E33-977A-13B73A017B6F}.Debug|Any CPU.Build.0 = Debug|Any CPU
		{3627EB76-9E35-4E33-977A-13B73A017B6F}.Release|Any CPU.ActiveCfg = Release|Any CPU
		{3627EB76-9E35-4E33-977A-13B73A017B6F}.Release|Any CPU.Build.0 = Release|Any CPU
		{7BA9790B-99C9-458A-B2C0-8EB849FBAE87}.Debug|Any CPU.ActiveCfg = Debug|Any CPU
		{7BA9790B-99C9-458A-B2C0-8EB849FBAE87}.Debug|Any CPU.Build.0 = Debug|Any CPU
		{7BA9790B-99C9-458A-B2C0-8EB849FBAE87}.Release|Any CPU.ActiveCfg = Release|Any CPU
		{7BA9790B-99C9-458A-B2C0-8EB849FBAE87}.Release|Any CPU.Build.0 = Release|Any CPU
		{59F430C2-C637-4DF8-93BE-6167B9388E67}.Debug|Any CPU.ActiveCfg = Debug|Any CPU
		{59F430C2-C637-4DF8-93BE-6167B9388E67}.Debug|Any CPU.Build.0 = Debug|Any CPU
		{59F430C2-C637-4DF8-93BE-6167B9388E67}.Release|Any CPU.ActiveCfg = Release|Any CPU
		{59F430C2-C637-4DF8-93BE-6167B9388E67}.Release|Any CPU.Build.0 = Release|Any CPU
		{DD91C842-76B0-479B-AEE9-4213F66825FA}.Debug|Any CPU.ActiveCfg = Debug|Any CPU
		{DD91C842-76B0-479B-AEE9-4213F66825FA}.Debug|Any CPU.Build.0 = Debug|Any CPU
		{DD91C842-76B0-479B-AEE9-4213F66825FA}.Release|Any CPU.ActiveCfg = Release|Any CPU
		{DD91C842-76B0-479B-AEE9-4213F66825FA}.Release|Any CPU.Build.0 = Release|Any CPU
		{2DC09808-586F-4105-A629-8C6960367145}.Debug|Any CPU.ActiveCfg = Debug|Any CPU
		{2DC09808-586F-4105-A629-8C6960367145}.Debug|Any CPU.Build.0 = Debug|Any CPU
		{2DC09808-586F-4105-A629-8C6960367145}.Release|Any CPU.ActiveCfg = Release|Any CPU
		{2DC09808-586F-4105-A629-8C6960367145}.Release|Any CPU.Build.0 = Release|Any CPU
		{8C8DE722-7AD5-43A4-B33B-2362F003AFEE}.Debug|Any CPU.ActiveCfg = Debug|Any CPU
		{8C8DE722-7AD5-43A4-B33B-2362F003AFEE}.Debug|Any CPU.Build.0 = Debug|Any CPU
		{8C8DE722-7AD5-43A4-B33B-2362F003AFEE}.Release|Any CPU.ActiveCfg = Release|Any CPU
		{8C8DE722-7AD5-43A4-B33B-2362F003AFEE}.Release|Any CPU.Build.0 = Release|Any CPU
		{031AC745-3977-4ECB-841B-650AA598D831}.Debug|Any CPU.ActiveCfg = Debug|Any CPU
		{031AC745-3977-4ECB-841B-650AA598D831}.Debug|Any CPU.Build.0 = Debug|Any CPU
		{031AC745-3977-4ECB-841B-650AA598D831}.Release|Any CPU.ActiveCfg = Release|Any CPU
		{031AC745-3977-4ECB-841B-650AA598D831}.Release|Any CPU.Build.0 = Release|Any CPU
		{D873B4A7-4E09-4F35-A3B6-C6F1285825F8}.Debug|Any CPU.ActiveCfg = Debug|Any CPU
		{D873B4A7-4E09-4F35-A3B6-C6F1285825F8}.Debug|Any CPU.Build.0 = Debug|Any CPU
		{D873B4A7-4E09-4F35-A3B6-C6F1285825F8}.Release|Any CPU.ActiveCfg = Release|Any CPU
		{D873B4A7-4E09-4F35-A3B6-C6F1285825F8}.Release|Any CPU.Build.0 = Release|Any CPU
		{0D479BA1-30FE-4331-BC39-E0ADE5044B6B}.Debug|Any CPU.ActiveCfg = Debug|Any CPU
		{0D479BA1-30FE-4331-BC39-E0ADE5044B6B}.Debug|Any CPU.Build.0 = Debug|Any CPU
		{0D479BA1-30FE-4331-BC39-E0ADE5044B6B}.Release|Any CPU.ActiveCfg = Release|Any CPU
		{0D479BA1-30FE-4331-BC39-E0ADE5044B6B}.Release|Any CPU.Build.0 = Release|Any CPU
		{20E8C782-96CF-4A1A-B87B-D721E7E18EF5}.Debug|Any CPU.ActiveCfg = Debug|Any CPU
		{20E8C782-96CF-4A1A-B87B-D721E7E18EF5}.Debug|Any CPU.Build.0 = Debug|Any CPU
		{20E8C782-96CF-4A1A-B87B-D721E7E18EF5}.Release|Any CPU.ActiveCfg = Release|Any CPU
		{20E8C782-96CF-4A1A-B87B-D721E7E18EF5}.Release|Any CPU.Build.0 = Release|Any CPU
		{0E2A3403-D22A-4A1F-ADB0-8FD967A793BB}.Debug|Any CPU.ActiveCfg = Debug|Any CPU
		{0E2A3403-D22A-4A1F-ADB0-8FD967A793BB}.Debug|Any CPU.Build.0 = Debug|Any CPU
		{0E2A3403-D22A-4A1F-ADB0-8FD967A793BB}.Release|Any CPU.ActiveCfg = Release|Any CPU
		{0E2A3403-D22A-4A1F-ADB0-8FD967A793BB}.Release|Any CPU.Build.0 = Release|Any CPU
		{11211A1B-76A4-472B-9735-89585B841BF0}.Debug|Any CPU.ActiveCfg = Debug|Any CPU
		{11211A1B-76A4-472B-9735-89585B841BF0}.Debug|Any CPU.Build.0 = Debug|Any CPU
		{11211A1B-76A4-472B-9735-89585B841BF0}.Release|Any CPU.ActiveCfg = Release|Any CPU
		{11211A1B-76A4-472B-9735-89585B841BF0}.Release|Any CPU.Build.0 = Release|Any CPU
		{A5E63D1F-512F-49DD-A41A-E73179314908}.Debug|Any CPU.ActiveCfg = Debug|Any CPU
		{A5E63D1F-512F-49DD-A41A-E73179314908}.Debug|Any CPU.Build.0 = Debug|Any CPU
		{A5E63D1F-512F-49DD-A41A-E73179314908}.Release|Any CPU.ActiveCfg = Release|Any CPU
		{A5E63D1F-512F-49DD-A41A-E73179314908}.Release|Any CPU.Build.0 = Release|Any CPU
		{D0E9562C-ED18-4079-ACC2-F448E35FFC23}.Debug|Any CPU.ActiveCfg = Debug|Any CPU
		{D0E9562C-ED18-4079-ACC2-F448E35FFC23}.Debug|Any CPU.Build.0 = Debug|Any CPU
		{D0E9562C-ED18-4079-ACC2-F448E35FFC23}.Release|Any CPU.ActiveCfg = Release|Any CPU
		{D0E9562C-ED18-4079-ACC2-F448E35FFC23}.Release|Any CPU.Build.0 = Release|Any CPU
		{1AE883F9-F26A-4ACD-B3D7-43CAE1239481}.Debug|Any CPU.ActiveCfg = Debug|Any CPU
		{1AE883F9-F26A-4ACD-B3D7-43CAE1239481}.Debug|Any CPU.Build.0 = Debug|Any CPU
		{1AE883F9-F26A-4ACD-B3D7-43CAE1239481}.Release|Any CPU.ActiveCfg = Release|Any CPU
		{1AE883F9-F26A-4ACD-B3D7-43CAE1239481}.Release|Any CPU.Build.0 = Release|Any CPU
		{87B90E46-2592-4EBD-B5B6-413052705B9B}.Debug|Any CPU.ActiveCfg = Debug|Any CPU
		{87B90E46-2592-4EBD-B5B6-413052705B9B}.Debug|Any CPU.Build.0 = Debug|Any CPU
		{87B90E46-2592-4EBD-B5B6-413052705B9B}.Release|Any CPU.ActiveCfg = Release|Any CPU
		{87B90E46-2592-4EBD-B5B6-413052705B9B}.Release|Any CPU.Build.0 = Release|Any CPU
	EndGlobalSection
	GlobalSection(NestedProjects) = preSolution
		{AE4301B3-8E2B-45D1-90C9-966975CACA16} = {FEED2014-A199-4116-97F4-A56A3642CD28}
		{5DD89D14-7AE2-4AEF-8C94-FCE745CF799E} = {AE4301B3-8E2B-45D1-90C9-966975CACA16}
		{3627EB76-9E35-4E33-977A-13B73A017B6F} = {AE4301B3-8E2B-45D1-90C9-966975CACA16}
		{7BA9790B-99C9-458A-B2C0-8EB849FBAE87} = {AE4301B3-8E2B-45D1-90C9-966975CACA16}
		{59F430C2-C637-4DF8-93BE-6167B9388E67} = {AE4301B3-8E2B-45D1-90C9-966975CACA16}
		{DD91C842-76B0-479B-AEE9-4213F66825FA} = {9FEBF715-67D9-45F2-8952-C2DFC8D9589A}
		{2DC09808-586F-4105-A629-8C6960367145} = {9FEBF715-67D9-45F2-8952-C2DFC8D9589A}
		{8C8DE722-7AD5-43A4-B33B-2362F003AFEE} = {9FEBF715-67D9-45F2-8952-C2DFC8D9589A}
		{30E1BFDC-05D2-4EE1-A313-F2D58EA639D3} = {AE4301B3-8E2B-45D1-90C9-966975CACA16}
		{031AC745-3977-4ECB-841B-650AA598D831} = {30E1BFDC-05D2-4EE1-A313-F2D58EA639D3}
		{D873B4A7-4E09-4F35-A3B6-C6F1285825F8} = {30E1BFDC-05D2-4EE1-A313-F2D58EA639D3}
		{0D479BA1-30FE-4331-BC39-E0ADE5044B6B} = {30E1BFDC-05D2-4EE1-A313-F2D58EA639D3}
		{20E8C782-96CF-4A1A-B87B-D721E7E18EF5} = {30E1BFDC-05D2-4EE1-A313-F2D58EA639D3}
		{938108AE-2608-4DBB-A4A3-ADE40283E2CD} = {AE4301B3-8E2B-45D1-90C9-966975CACA16}
		{0E2A3403-D22A-4A1F-ADB0-8FD967A793BB} = {938108AE-2608-4DBB-A4A3-ADE40283E2CD}
		{5CBA36E9-77A5-4EB6-A8F9-47A5FD60F1A4} = {FEED2014-A199-4116-97F4-A56A3642CD28}
		{11211A1B-76A4-472B-9735-89585B841BF0} = {5CBA36E9-77A5-4EB6-A8F9-47A5FD60F1A4}
		{A5E63D1F-512F-49DD-A41A-E73179314908} = {9FEBF715-67D9-45F2-8952-C2DFC8D9589A}
		{D0E9562C-ED18-4079-ACC2-F448E35FFC23} = {9FEBF715-67D9-45F2-8952-C2DFC8D9589A}
		{1AE883F9-F26A-4ACD-B3D7-43CAE1239481} = {9FEBF715-67D9-45F2-8952-C2DFC8D9589A}
		{87B90E46-2592-4EBD-B5B6-413052705B9B} = {9FEBF715-67D9-45F2-8952-C2DFC8D9589A}
	EndGlobalSection
EndGlobal
