
Microsoft Visual Studio Solution File, Format Version 12.00
# Visual Studio Version 17
VisualStudioVersion = 17.0.31903.59
MinimumVisualStudioVersion = 10.0.40219.1
Project("{2150E333-8FDC-42A3-9474-1A3956D46DE8}") = "AuthCore", "AuthCore", "{989FBFFB-F6CE-9803-AB41-8E79DB4BFFD8}"
EndProject
Project("{FAE04EC0-301F-11D3-BF4B-00C04F79EFBC}") = "AuthCore.Api", "AuthCore\AuthCore.Api\AuthCore.Api.csproj", "{DBD50209-D6A4-49B3-B7A9-D8CE36F3E3AB}"
EndProject
Project("{FAE04EC0-301F-11D3-BF4B-00C04F79EFBC}") = "AuthCore.Application", "AuthCore\AuthCore.Application\AuthCore.Application.csproj", "{C2539DCF-FDA5-4559-B8DD-FAEBB78FC349}"
EndProject
Project("{FAE04EC0-301F-11D3-BF4B-00C04F79EFBC}") = "AuthCore.Domain", "AuthCore\AuthCore.Domain\AuthCore.Domain.csproj", "{921ECB2E-6501-4672-B9D7-D8759BB4AE23}"
EndProject
Project("{FAE04EC0-301F-11D3-BF4B-00C04F79EFBC}") = "AuthCore.Infrastructure", "AuthCore\AuthCore.Infrastructure\AuthCore.Infrastructure.csproj", "{F82800E1-792E-42FE-B9B8-A9C9057BA84E}"
EndProject
Project("{FAE04EC0-301F-11D3-BF4B-00C04F79EFBC}") = "BuildingBlocks.Messaging.Contracts", "..\BuildingBlocks\BuildingBlocks.Messaging.Contracts\BuildingBlocks.Messaging.Contracts.csproj", "{B21F6548-7C6B-4FDA-B641-146DA5C64467}"
EndProject
Project("{2150E333-8FDC-42A3-9474-1A3956D46DE8}") = "NotificationCore", "NotificationCore", "{336A2F5A-FC48-0C72-3AEF-EDE4CA7A62E9}"
EndProject
Project("{FAE04EC0-301F-11D3-BF4B-00C04F79EFBC}") = "NotificationCore.Api", "NotificationCore\NotificationCore.Api\NotificationCore.Api.csproj", "{2CAD0B6F-6300-46B9-8E60-BA87E40C9B32}"
EndProject
Project("{FAE04EC0-301F-11D3-BF4B-00C04F79EFBC}") = "NotificationCore.Application", "NotificationCore\NotificationCore.Application\NotificationCore.Application.csproj", "{8A14BEE3-7903-40AC-8321-39E4F0953D6B}"
EndProject
Project("{FAE04EC0-301F-11D3-BF4B-00C04F79EFBC}") = "NotificationCore.Domain", "NotificationCore\NotificationCore.Domain\NotificationCore.Domain.csproj", "{836E1D2F-EA68-49D3-B20C-D9CF3D1C5F68}"
EndProject
Project("{FAE04EC0-301F-11D3-BF4B-00C04F79EFBC}") = "NotificationCore.Infrastructure", "NotificationCore\NotificationCore.Infrastructure\NotificationCore.Infrastructure.csproj", "{DBFEA364-6242-48FB-A138-2AEFFCDA650E}"
EndProject
Project("{2150E333-8FDC-42A3-9474-1A3956D46DE8}") = "Gateway", "Gateway", "{E7BDDBC6-9FD1-D1D7-ACD8-2C4F8E3D2461}"
EndProject
Project("{FAE04EC0-301F-11D3-BF4B-00C04F79EFBC}") = "Gateway.Api", "Gateway\Gateway.Api\Gateway.Api.csproj", "{3517C284-26B4-4847-956F-4B7751D3D10C}"
EndProject
Global
	GlobalSection(SolutionConfigurationPlatforms) = preSolution
		Debug|Any CPU = Debug|Any CPU
		Debug|x64 = Debug|x64
		Debug|x86 = Debug|x86
		Release|Any CPU = Release|Any CPU
		Release|x64 = Release|x64
		Release|x86 = Release|x86
	EndGlobalSection
	GlobalSection(ProjectConfigurationPlatforms) = postSolution
		{DBD50209-D6A4-49B3-B7A9-D8CE36F3E3AB}.Debug|Any CPU.ActiveCfg = Debug|Any CPU
		{DBD50209-D6A4-49B3-B7A9-D8CE36F3E3AB}.Debug|Any CPU.Build.0 = Debug|Any CPU
		{DBD50209-D6A4-49B3-B7A9-D8CE36F3E3AB}.Debug|x64.ActiveCfg = Debug|Any CPU
		{DBD50209-D6A4-49B3-B7A9-D8CE36F3E3AB}.Debug|x64.Build.0 = Debug|Any CPU
		{DBD50209-D6A4-49B3-B7A9-D8CE36F3E3AB}.Debug|x86.ActiveCfg = Debug|Any CPU
		{DBD50209-D6A4-49B3-B7A9-D8CE36F3E3AB}.Debug|x86.Build.0 = Debug|Any CPU
		{DBD50209-D6A4-49B3-B7A9-D8CE36F3E3AB}.Release|Any CPU.ActiveCfg = Release|Any CPU
		{DBD50209-D6A4-49B3-B7A9-D8CE36F3E3AB}.Release|Any CPU.Build.0 = Release|Any CPU
		{DBD50209-D6A4-49B3-B7A9-D8CE36F3E3AB}.Release|x64.ActiveCfg = Release|Any CPU
		{DBD50209-D6A4-49B3-B7A9-D8CE36F3E3AB}.Release|x64.Build.0 = Release|Any CPU
		{DBD50209-D6A4-49B3-B7A9-D8CE36F3E3AB}.Release|x86.ActiveCfg = Release|Any CPU
		{DBD50209-D6A4-49B3-B7A9-D8CE36F3E3AB}.Release|x86.Build.0 = Release|Any CPU
		{C2539DCF-FDA5-4559-B8DD-FAEBB78FC349}.Debug|Any CPU.ActiveCfg = Debug|Any CPU
		{C2539DCF-FDA5-4559-B8DD-FAEBB78FC349}.Debug|Any CPU.Build.0 = Debug|Any CPU
		{C2539DCF-FDA5-4559-B8DD-FAEBB78FC349}.Debug|x64.ActiveCfg = Debug|Any CPU
		{C2539DCF-FDA5-4559-B8DD-FAEBB78FC349}.Debug|x64.Build.0 = Debug|Any CPU
		{C2539DCF-FDA5-4559-B8DD-FAEBB78FC349}.Debug|x86.ActiveCfg = Debug|Any CPU
		{C2539DCF-FDA5-4559-B8DD-FAEBB78FC349}.Debug|x86.Build.0 = Debug|Any CPU
		{C2539DCF-FDA5-4559-B8DD-FAEBB78FC349}.Release|Any CPU.ActiveCfg = Release|Any CPU
		{C2539DCF-FDA5-4559-B8DD-FAEBB78FC349}.Release|Any CPU.Build.0 = Release|Any CPU
		{C2539DCF-FDA5-4559-B8DD-FAEBB78FC349}.Release|x64.ActiveCfg = Release|Any CPU
		{C2539DCF-FDA5-4559-B8DD-FAEBB78FC349}.Release|x64.Build.0 = Release|Any CPU
		{C2539DCF-FDA5-4559-B8DD-FAEBB78FC349}.Release|x86.ActiveCfg = Release|Any CPU
		{C2539DCF-FDA5-4559-B8DD-FAEBB78FC349}.Release|x86.Build.0 = Release|Any CPU
		{921ECB2E-6501-4672-B9D7-D8759BB4AE23}.Debug|Any CPU.ActiveCfg = Debug|Any CPU
		{921ECB2E-6501-4672-B9D7-D8759BB4AE23}.Debug|Any CPU.Build.0 = Debug|Any CPU
		{921ECB2E-6501-4672-B9D7-D8759BB4AE23}.Debug|x64.ActiveCfg = Debug|Any CPU
		{921ECB2E-6501-4672-B9D7-D8759BB4AE23}.Debug|x64.Build.0 = Debug|Any CPU
		{921ECB2E-6501-4672-B9D7-D8759BB4AE23}.Debug|x86.ActiveCfg = Debug|Any CPU
		{921ECB2E-6501-4672-B9D7-D8759BB4AE23}.Debug|x86.Build.0 = Debug|Any CPU
		{921ECB2E-6501-4672-B9D7-D8759BB4AE23}.Release|Any CPU.ActiveCfg = Release|Any CPU
		{921ECB2E-6501-4672-B9D7-D8759BB4AE23}.Release|Any CPU.Build.0 = Release|Any CPU
		{921ECB2E-6501-4672-B9D7-D8759BB4AE23}.Release|x64.ActiveCfg = Release|Any CPU
		{921ECB2E-6501-4672-B9D7-D8759BB4AE23}.Release|x64.Build.0 = Release|Any CPU
		{921ECB2E-6501-4672-B9D7-D8759BB4AE23}.Release|x86.ActiveCfg = Release|Any CPU
		{921ECB2E-6501-4672-B9D7-D8759BB4AE23}.Release|x86.Build.0 = Release|Any CPU
		{F82800E1-792E-42FE-B9B8-A9C9057BA84E}.Debug|Any CPU.ActiveCfg = Debug|Any CPU
		{F82800E1-792E-42FE-B9B8-A9C9057BA84E}.Debug|Any CPU.Build.0 = Debug|Any CPU
		{F82800E1-792E-42FE-B9B8-A9C9057BA84E}.Debug|x64.ActiveCfg = Debug|Any CPU
		{F82800E1-792E-42FE-B9B8-A9C9057BA84E}.Debug|x64.Build.0 = Debug|Any CPU
		{F82800E1-792E-42FE-B9B8-A9C9057BA84E}.Debug|x86.ActiveCfg = Debug|Any CPU
		{F82800E1-792E-42FE-B9B8-A9C9057BA84E}.Debug|x86.Build.0 = Debug|Any CPU
		{F82800E1-792E-42FE-B9B8-A9C9057BA84E}.Release|Any CPU.ActiveCfg = Release|Any CPU
		{F82800E1-792E-42FE-B9B8-A9C9057BA84E}.Release|Any CPU.Build.0 = Release|Any CPU
		{F82800E1-792E-42FE-B9B8-A9C9057BA84E}.Release|x64.ActiveCfg = Release|Any CPU
		{F82800E1-792E-42FE-B9B8-A9C9057BA84E}.Release|x64.Build.0 = Release|Any CPU
		{F82800E1-792E-42FE-B9B8-A9C9057BA84E}.Release|x86.ActiveCfg = Release|Any CPU
		{F82800E1-792E-42FE-B9B8-A9C9057BA84E}.Release|x86.Build.0 = Release|Any CPU
		{B21F6548-7C6B-4FDA-B641-146DA5C64467}.Debug|Any CPU.ActiveCfg = Debug|Any CPU
		{B21F6548-7C6B-4FDA-B641-146DA5C64467}.Debug|Any CPU.Build.0 = Debug|Any CPU
		{B21F6548-7C6B-4FDA-B641-146DA5C64467}.Debug|x64.ActiveCfg = Debug|Any CPU
		{B21F6548-7C6B-4FDA-B641-146DA5C64467}.Debug|x64.Build.0 = Debug|Any CPU
		{B21F6548-7C6B-4FDA-B641-146DA5C64467}.Debug|x86.ActiveCfg = Debug|Any CPU
		{B21F6548-7C6B-4FDA-B641-146DA5C64467}.Debug|x86.Build.0 = Debug|Any CPU
		{B21F6548-7C6B-4FDA-B641-146DA5C64467}.Release|Any CPU.ActiveCfg = Release|Any CPU
		{B21F6548-7C6B-4FDA-B641-146DA5C64467}.Release|Any CPU.Build.0 = Release|Any CPU
		{B21F6548-7C6B-4FDA-B641-146DA5C64467}.Release|x64.ActiveCfg = Release|Any CPU
		{B21F6548-7C6B-4FDA-B641-146DA5C64467}.Release|x64.Build.0 = Release|Any CPU
		{B21F6548-7C6B-4FDA-B641-146DA5C64467}.Release|x86.ActiveCfg = Release|Any CPU
		{B21F6548-7C6B-4FDA-B641-146DA5C64467}.Release|x86.Build.0 = Release|Any CPU
		{2CAD0B6F-6300-46B9-8E60-BA87E40C9B32}.Debug|Any CPU.ActiveCfg = Debug|Any CPU
		{2CAD0B6F-6300-46B9-8E60-BA87E40C9B32}.Debug|Any CPU.Build.0 = Debug|Any CPU
		{2CAD0B6F-6300-46B9-8E60-BA87E40C9B32}.Debug|x64.ActiveCfg = Debug|Any CPU
		{2CAD0B6F-6300-46B9-8E60-BA87E40C9B32}.Debug|x64.Build.0 = Debug|Any CPU
		{2CAD0B6F-6300-46B9-8E60-BA87E40C9B32}.Debug|x86.ActiveCfg = Debug|Any CPU
		{2CAD0B6F-6300-46B9-8E60-BA87E40C9B32}.Debug|x86.Build.0 = Debug|Any CPU
		{2CAD0B6F-6300-46B9-8E60-BA87E40C9B32}.Release|Any CPU.ActiveCfg = Release|Any CPU
		{2CAD0B6F-6300-46B9-8E60-BA87E40C9B32}.Release|Any CPU.Build.0 = Release|Any CPU
		{2CAD0B6F-6300-46B9-8E60-BA87E40C9B32}.Release|x64.ActiveCfg = Release|Any CPU
		{2CAD0B6F-6300-46B9-8E60-BA87E40C9B32}.Release|x64.Build.0 = Release|Any CPU
		{2CAD0B6F-6300-46B9-8E60-BA87E40C9B32}.Release|x86.ActiveCfg = Release|Any CPU
		{2CAD0B6F-6300-46B9-8E60-BA87E40C9B32}.Release|x86.Build.0 = Release|Any CPU
		{8A14BEE3-7903-40AC-8321-39E4F0953D6B}.Debug|Any CPU.ActiveCfg = Debug|Any CPU
		{8A14BEE3-7903-40AC-8321-39E4F0953D6B}.Debug|Any CPU.Build.0 = Debug|Any CPU
		{8A14BEE3-7903-40AC-8321-39E4F0953D6B}.Debug|x64.ActiveCfg = Debug|Any CPU
		{8A14BEE3-7903-40AC-8321-39E4F0953D6B}.Debug|x64.Build.0 = Debug|Any CPU
		{8A14BEE3-7903-40AC-8321-39E4F0953D6B}.Debug|x86.ActiveCfg = Debug|Any CPU
		{8A14BEE3-7903-40AC-8321-39E4F0953D6B}.Debug|x86.Build.0 = Debug|Any CPU
		{8A14BEE3-7903-40AC-8321-39E4F0953D6B}.Release|Any CPU.ActiveCfg = Release|Any CPU
		{8A14BEE3-7903-40AC-8321-39E4F0953D6B}.Release|Any CPU.Build.0 = Release|Any CPU
		{8A14BEE3-7903-40AC-8321-39E4F0953D6B}.Release|x64.ActiveCfg = Release|Any CPU
		{8A14BEE3-7903-40AC-8321-39E4F0953D6B}.Release|x64.Build.0 = Release|Any CPU
		{8A14BEE3-7903-40AC-8321-39E4F0953D6B}.Release|x86.ActiveCfg = Release|Any CPU
		{8A14BEE3-7903-40AC-8321-39E4F0953D6B}.Release|x86.Build.0 = Release|Any CPU
		{836E1D2F-EA68-49D3-B20C-D9CF3D1C5F68}.Debug|Any CPU.ActiveCfg = Debug|Any CPU
		{836E1D2F-EA68-49D3-B20C-D9CF3D1C5F68}.Debug|Any CPU.Build.0 = Debug|Any CPU
		{836E1D2F-EA68-49D3-B20C-D9CF3D1C5F68}.Debug|x64.ActiveCfg = Debug|Any CPU
		{836E1D2F-EA68-49D3-B20C-D9CF3D1C5F68}.Debug|x64.Build.0 = Debug|Any CPU
		{836E1D2F-EA68-49D3-B20C-D9CF3D1C5F68}.Debug|x86.ActiveCfg = Debug|Any CPU
		{836E1D2F-EA68-49D3-B20C-D9CF3D1C5F68}.Debug|x86.Build.0 = Debug|Any CPU
		{836E1D2F-EA68-49D3-B20C-D9CF3D1C5F68}.Release|Any CPU.ActiveCfg = Release|Any CPU
		{836E1D2F-EA68-49D3-B20C-D9CF3D1C5F68}.Release|Any CPU.Build.0 = Release|Any CPU
		{836E1D2F-EA68-49D3-B20C-D9CF3D1C5F68}.Release|x64.ActiveCfg = Release|Any CPU
		{836E1D2F-EA68-49D3-B20C-D9CF3D1C5F68}.Release|x64.Build.0 = Release|Any CPU
		{836E1D2F-EA68-49D3-B20C-D9CF3D1C5F68}.Release|x86.ActiveCfg = Release|Any CPU
		{836E1D2F-EA68-49D3-B20C-D9CF3D1C5F68}.Release|x86.Build.0 = Release|Any CPU
		{DBFEA364-6242-48FB-A138-2AEFFCDA650E}.Debug|Any CPU.ActiveCfg = Debug|Any CPU
		{DBFEA364-6242-48FB-A138-2AEFFCDA650E}.Debug|Any CPU.Build.0 = Debug|Any CPU
		{DBFEA364-6242-48FB-A138-2AEFFCDA650E}.Debug|x64.ActiveCfg = Debug|Any CPU
		{DBFEA364-6242-48FB-A138-2AEFFCDA650E}.Debug|x64.Build.0 = Debug|Any CPU
		{DBFEA364-6242-48FB-A138-2AEFFCDA650E}.Debug|x86.ActiveCfg = Debug|Any CPU
		{DBFEA364-6242-48FB-A138-2AEFFCDA650E}.Debug|x86.Build.0 = Debug|Any CPU
		{DBFEA364-6242-48FB-A138-2AEFFCDA650E}.Release|Any CPU.ActiveCfg = Release|Any CPU
		{DBFEA364-6242-48FB-A138-2AEFFCDA650E}.Release|Any CPU.Build.0 = Release|Any CPU
		{DBFEA364-6242-48FB-A138-2AEFFCDA650E}.Release|x64.ActiveCfg = Release|Any CPU
		{DBFEA364-6242-48FB-A138-2AEFFCDA650E}.Release|x64.Build.0 = Release|Any CPU
		{DBFEA364-6242-48FB-A138-2AEFFCDA650E}.Release|x86.ActiveCfg = Release|Any CPU
		{DBFEA364-6242-48FB-A138-2AEFFCDA650E}.Release|x86.Build.0 = Release|Any CPU
		{3517C284-26B4-4847-956F-4B7751D3D10C}.Debug|Any CPU.ActiveCfg = Debug|Any CPU
		{3517C284-26B4-4847-956F-4B7751D3D10C}.Debug|Any CPU.Build.0 = Debug|Any CPU
		{3517C284-26B4-4847-956F-4B7751D3D10C}.Debug|x64.ActiveCfg = Debug|Any CPU
		{3517C284-26B4-4847-956F-4B7751D3D10C}.Debug|x64.Build.0 = Debug|Any CPU
		{3517C284-26B4-4847-956F-4B7751D3D10C}.Debug|x86.ActiveCfg = Debug|Any CPU
		{3517C284-26B4-4847-956F-4B7751D3D10C}.Debug|x86.Build.0 = Debug|Any CPU
		{3517C284-26B4-4847-956F-4B7751D3D10C}.Release|Any CPU.ActiveCfg = Release|Any CPU
		{3517C284-26B4-4847-956F-4B7751D3D10C}.Release|Any CPU.Build.0 = Release|Any CPU
		{3517C284-26B4-4847-956F-4B7751D3D10C}.Release|x64.ActiveCfg = Release|Any CPU
		{3517C284-26B4-4847-956F-4B7751D3D10C}.Release|x64.Build.0 = Release|Any CPU
		{3517C284-26B4-4847-956F-4B7751D3D10C}.Release|x86.ActiveCfg = Release|Any CPU
		{3517C284-26B4-4847-956F-4B7751D3D10C}.Release|x86.Build.0 = Release|Any CPU
	EndGlobalSection
	GlobalSection(SolutionProperties) = preSolution
		HideSolutionNode = FALSE
	EndGlobalSection
	GlobalSection(NestedProjects) = preSolution
		{DBD50209-D6A4-49B3-B7A9-D8CE36F3E3AB} = {989FBFFB-F6CE-9803-AB41-8E79DB4BFFD8}
		{C2539DCF-FDA5-4559-B8DD-FAEBB78FC349} = {989FBFFB-F6CE-9803-AB41-8E79DB4BFFD8}
		{921ECB2E-6501-4672-B9D7-D8759BB4AE23} = {989FBFFB-F6CE-9803-AB41-8E79DB4BFFD8}
		{F82800E1-792E-42FE-B9B8-A9C9057BA84E} = {989FBFFB-F6CE-9803-AB41-8E79DB4BFFD8}
		{2CAD0B6F-6300-46B9-8E60-BA87E40C9B32} = {336A2F5A-FC48-0C72-3AEF-EDE4CA7A62E9}
		{8A14BEE3-7903-40AC-8321-39E4F0953D6B} = {336A2F5A-FC48-0C72-3AEF-EDE4CA7A62E9}
		{836E1D2F-EA68-49D3-B20C-D9CF3D1C5F68} = {336A2F5A-FC48-0C72-3AEF-EDE4CA7A62E9}
		{DBFEA364-6242-48FB-A138-2AEFFCDA650E} = {336A2F5A-FC48-0C72-3AEF-EDE4CA7A62E9}
		{3517C284-26B4-4847-956F-4B7751D3D10C} = {E7BDDBC6-9FD1-D1D7-ACD8-2C4F8E3D2461}
	EndGlobalSection
EndGlobal
